
Microsoft Visual Studio Solution File, Format Version 12.00
# Visual Studio Version 16
VisualStudioVersion = 16.0.31205.134
MinimumVisualStudioVersion = 10.0.40219.1
Project("{8BC9CEB8-8B4A-11D0-8D11-00A0C91BC942}") = "Algorithm", "Algorithm.vcxproj", "{24E1F236-4485-4AE1-A391-50BDEEDB61C9}"
EndProject
Global
	GlobalSection(SolutionConfigurationPlatforms) = preSolution
		Debug|x64 = Debug|x64
		Debug|x86 = Debug|x86
		Release|x64 = Release|x64
		Release|x86 = Release|x86
	EndGlobalSection
	GlobalSection(ProjectConfigurationPlatforms) = postSolution
		{24E1F236-4485-4AE1-A391-50BDEEDB61C9}.Debug|x64.ActiveCfg = Debug|x64
		{24E1F236-4485-4AE1-A391-50BDEEDB61C9}.Debug|x64.Build.0 = Debug|x64
		{24E1F236-4485-4AE1-A391-50BDEEDB61C9}.Debug|x86.ActiveCfg = Debug|Win32
		{24E1F236-4485-4AE1-A391-50BDEEDB61C9}.Debug|x86.Build.0 = Debug|Win32
		{24E1F236-4485-4AE1-A391-50BDEEDB61C9}.Release|x64.ActiveCfg = Release|x64
		{24E1F236-4485-4AE1-A391-50BDEEDB61C9}.Release|x64.Build.0 = Release|x64
		{24E1F236-4485-4AE1-A391-50BDEEDB61C9}.Release|x86.ActiveCfg = Release|Win32
		{24E1F236-4485-4AE1-A391-50BDEEDB61C9}.Release|x86.Build.0 = Release|Win32
	EndGlobalSection
	GlobalSection(SolutionProperties) = preSolution
		HideSolutionNode = FALSE
	EndGlobalSection
	GlobalSection(ExtensibilityGlobals) = postSolution
		SolutionGuid = {7AA3ACA5-0E16-4117-8078-87083EFF5D38}
	EndGlobalSection
EndGlobal
